
Microsoft Visual Studio Solution File, Format Version 12.00
# Visual Studio Version 16
VisualStudioVersion = 16.0.28803.156
MinimumVisualStudioVersion = 10.0.40219.1
Project("{9A19103F-16F7-4668-BE54-9A1E7A4F7556}") = "HackerNewsApp", "HackerNewsApp\HackerNewsApp.csproj", "{490CBF98-51CC-4660-95A3-A87E260B570E}"
EndProject
Project("{FAE04EC0-301F-11D3-BF4B-00C04F79EFBC}") = "HackerNewsApp.Test", "UnitTestProject1\HackerNewsApp.Test.csproj", "{37B14FAA-62B3-47D1-846C-3AF83D739531}"
EndProject
Global
	GlobalSection(SolutionConfigurationPlatforms) = preSolution
		Debug|Any CPU = Debug|Any CPU
		Release|Any CPU = Release|Any CPU
	EndGlobalSection
	GlobalSection(ProjectConfigurationPlatforms) = postSolution
		{490CBF98-51CC-4660-95A3-A87E260B570E}.Debug|Any CPU.ActiveCfg = Debug|Any CPU
		{490CBF98-51CC-4660-95A3-A87E260B570E}.Debug|Any CPU.Build.0 = Debug|Any CPU
		{490CBF98-51CC-4660-95A3-A87E260B570E}.Release|Any CPU.ActiveCfg = Release|Any CPU
		{490CBF98-51CC-4660-95A3-A87E260B570E}.Release|Any CPU.Build.0 = Release|Any CPU
		{37B14FAA-62B3-47D1-846C-3AF83D739531}.Debug|Any CPU.ActiveCfg = Debug|Any CPU
		{37B14FAA-62B3-47D1-846C-3AF83D739531}.Debug|Any CPU.Build.0 = Debug|Any CPU
		{37B14FAA-62B3-47D1-846C-3AF83D739531}.Release|Any CPU.ActiveCfg = Release|Any CPU
		{37B14FAA-62B3-47D1-846C-3AF83D739531}.Release|Any CPU.Build.0 = Release|Any CPU
	EndGlobalSection
	GlobalSection(SolutionProperties) = preSolution
		HideSolutionNode = FALSE
	EndGlobalSection
	GlobalSection(ExtensibilityGlobals) = postSolution
		SolutionGuid = {55BCA05D-8374-493F-97F1-D0D6DFE75DDF}
	EndGlobalSection
EndGlobal
